
Microsoft Visual Studio Solution File, Format Version 12.00
# Visual Studio Version 16
VisualStudioVersion = 16.0.30104.148
MinimumVisualStudioVersion = 10.0.40219.1
Project("{FAE04EC0-301F-11D3-BF4B-00C04F79EFBC}") = "ConsoleApp9", "ConsoleApp9\ConsoleApp9.csproj", "{CD97DE97-DA26-4E5D-BC32-7E4ACFF04DDF}"
EndProject
Global
	GlobalSection(SolutionConfigurationPlatforms) = preSolution
		Debug|Any CPU = Debug|Any CPU
		Release|Any CPU = Release|Any CPU
	EndGlobalSection
	GlobalSection(ProjectConfigurationPlatforms) = postSolution
		{CD97DE97-DA26-4E5D-BC32-7E4ACFF04DDF}.Debug|Any CPU.ActiveCfg = Debug|Any CPU
		{CD97DE97-DA26-4E5D-BC32-7E4ACFF04DDF}.Debug|Any CPU.Build.0 = Debug|Any CPU
		{CD97DE97-DA26-4E5D-BC32-7E4ACFF04DDF}.Release|Any CPU.ActiveCfg = Release|Any CPU
		{CD97DE97-DA26-4E5D-BC32-7E4ACFF04DDF}.Release|Any CPU.Build.0 = Release|Any CPU
	EndGlobalSection
	GlobalSection(SolutionProperties) = preSolution
		HideSolutionNode = FALSE
	EndGlobalSection
	GlobalSection(ExtensibilityGlobals) = postSolution
		SolutionGuid = {CF9B1415-580A-4812-8C31-DDB23D86B4E0}
	EndGlobalSection
EndGlobal
